<?xml version="1.0" encoding="utf-8"?>
<Project ToolsVersion="4.0" xmlns="http://schemas.microsoft.com/developer/msbuild/2003">
  <ItemGroup>
    <Filter Include="源文件">
      <UniqueIdentifier>{4FC737F1-C7A5-4376-A066-2A32D752A2FF}</UniqueIdentifier>
      <Extensions>cpp;c;cc;cxx;def;odl;idl;hpj;bat;asm;asmx</Extensions>
    </Filter>
    <Filter Include="源文件\sqlcipher">
      <UniqueIdentifier>{1b07989f-e7ad-40ea-9629-832fd08ac834}</UniqueIdentifier>
    </Filter>
    <Filter Include="头文件">
      <UniqueIdentifier>{93995380-89BD-4b04-88EB-625FBE52EBFB}</UniqueIdentifier>
      <Extensions>h;hpp;hxx;hm;inl;inc;xsd</Extensions>
    </Filter>
    <Filter Include="头文件\inc_priv">
      <UniqueIdentifier>{b55d9b85-c9c4-4087-bd22-1ccf27f6700d}</UniqueIdentifier>
    </Filter>
    <Filter Include="资源文件">
      <UniqueIdentifier>{67DA6AB6-F800-4c08-8B7A-83BB121AAD01}</UniqueIdentifier>
      <Extensions>rc;ico;cur;bmp;dlg;rc2;rct;bin;rgs;gif;jpg;jpeg;jpe;resx;tiff;tif;png;wav</Extensions>
    </Filter>
    <Filter Include="lib">
      <UniqueIdentifier>{309e72ba-af5c-44c3-beb6-769401cccf19}</UniqueIdentifier>
    </Filter>
    <Filter Include="dll">
      <UniqueIdentifier>{8677e85b-4e1c-4bc7-9cc5-58e9616da52a}</UniqueIdentifier>
    </Filter>
  </ItemGroup>
  <ItemGroup>
    <ClCompile Include="DbHelper.cpp">
      <Filter>源文件</Filter>
    </ClCompile>
    <ClCompile Include="Main.cpp">
      <Filter>源文件</Filter>
    </ClCompile>
    <ClCompile Include="StringHelper.cpp">
      <Filter>源文件</Filter>
    </ClCompile>
    <ClCompile Include="src\crypto.c">
      <Filter>源文件\sqlcipher</Filter>
    </ClCompile>
    <ClCompile Include="src\crypto_cc.c">
      <Filter>源文件\sqlcipher</Filter>
    </ClCompile>
    <ClCompile Include="src\crypto_impl.c">
      <Filter>源文件\sqlcipher</Filter>
    </ClCompile>
    <ClCompile Include="src\crypto_libtomcrypt.c">
      <Filter>源文件\sqlcipher</Filter>
    </ClCompile>
    <ClCompile Include="src\crypto_openssl.c">
      <Filter>源文件\sqlcipher</Filter>
    </ClCompile>
    <ClCompile Include="src\sqlite3.c">
      <Filter>源文件\sqlcipher</Filter>
    </ClCompile>
  </ItemGroup>
  <ItemGroup>
    <ClInclude Include="DbHelper.h">
      <Filter>源文件</Filter>
    </ClInclude>
    <ClInclude Include="StringHelper.h">
      <Filter>源文件</Filter>
    </ClInclude>
    <ClInclude Include="resource.h">
      <Filter>头文件</Filter>
    </ClInclude>
    <ClInclude Include="inc\sqlite3.h">
      <Filter>头文件</Filter>
    </ClInclude>
    <ClInclude Include="inc_priv\crypto.h">
      <Filter>头文件\inc_priv</Filter>
    </ClInclude>
    <ClInclude Include="inc_priv\sqlcipher.h">
      <Filter>头文件\inc_priv</Filter>
    </ClInclude>
    <ClInclude Include="inc_priv\sqlite3ext.h">
      <Filter>头文件\inc_priv</Filter>
    </ClInclude>
  </ItemGroup>
  <ItemGroup>
    <ResourceCompile Include="DbViewer.rc">
      <Filter>资源文件</Filter>
    </ResourceCompile>
  </ItemGroup>
  <ItemGroup>
    <Image Include="egg.ico">
      <Filter>资源文件</Filter>
    </Image>
  </ItemGroup>
  <ItemGroup>
    <Library Include="lib\libeay32.lib">
      <Filter>lib</Filter>
    </Library>
    <Library Include="lib\ssleay32.lib">
      <Filter>lib</Filter>
    </Library>
  </ItemGroup>
  <ItemGroup>
    <None Include="dll\libeay32.dll">
      <Filter>dll</Filter>
    </None>
    <None Include="dll\ssleay32.dll">
      <Filter>dll</Filter>
    </None>
  </ItemGroup>
</Project>